
Microsoft Visual Studio Solution File, Format Version 12.00
# Visual Studio Version 16
VisualStudioVersion = 16.0.29230.47
MinimumVisualStudioVersion = 10.0.40219.1
Project("{FAE04EC0-301F-11D3-BF4B-00C04F79EFBC}") = "ConsoleApp1", "ConsoleApp1\ConsoleApp1.csproj", "{A95B0055-A287-4752-9AD5-0EA46D1BDFDF}"
EndProject
Global
	GlobalSection(SolutionConfigurationPlatforms) = preSolution
		Debug|Any CPU = Debug|Any CPU
		Release|Any CPU = Release|Any CPU
	EndGlobalSection
	GlobalSection(ProjectConfigurationPlatforms) = postSolution
		{A95B0055-A287-4752-9AD5-0EA46D1BDFDF}.Debug|Any CPU.ActiveCfg = Debug|Any CPU
		{A95B0055-A287-4752-9AD5-0EA46D1BDFDF}.Debug|Any CPU.Build.0 = Debug|Any CPU
		{A95B0055-A287-4752-9AD5-0EA46D1BDFDF}.Release|Any CPU.ActiveCfg = Release|Any CPU
		{A95B0055-A287-4752-9AD5-0EA46D1BDFDF}.Release|Any CPU.Build.0 = Release|Any CPU
	EndGlobalSection
	GlobalSection(SolutionProperties) = preSolution
		HideSolutionNode = FALSE
	EndGlobalSection
	GlobalSection(ExtensibilityGlobals) = postSolution
		SolutionGuid = {1F665EEE-8247-4B81-BF34-65CC26939C81}
	EndGlobalSection
EndGlobal
